
Microsoft Visual Studio Solution File, Format Version 12.00
# Visual Studio 2013
VisualStudioVersion = 12.0.30324.0
MinimumVisualStudioVersion = 10.0.40219.1
Project("{FAE04EC0-301F-11D3-BF4B-00C04F79EFBC}") = "Slew.PresentationBus", "Slew.PresentationBus\Slew.PresentationBus.csproj", "{675C47A5-9FAC-42C8-B286-7EBB1A7B76AD}"
EndProject
Project("{FAE04EC0-301F-11D3-BF4B-00C04F79EFBC}") = "Slew.PresentationBus.Tests", "Slew.PresentationBus.Tests\Slew.PresentationBus.Tests.csproj", "{EF05D191-C733-4117-8649-6AE1105E7FF9}"
EndProject
Project("{2150E333-8FDC-42A3-9474-1A3956D46DE8}") = "Solution Items", "Solution Items", "{297275B3-8D97-42B1-992B-5429E485602E}"
	ProjectSection(SolutionItems) = preProject
		..\Build.cmd = ..\Build.cmd
		..\Slew.PresentationBus.nuspec = ..\Slew.PresentationBus.nuspec
	EndProjectSection
EndProject
Global
	GlobalSection(SolutionConfigurationPlatforms) = preSolution
		Debug|Any CPU = Debug|Any CPU
		Release|Any CPU = Release|Any CPU
	EndGlobalSection
	GlobalSection(ProjectConfigurationPlatforms) = postSolution
		{675C47A5-9FAC-42C8-B286-7EBB1A7B76AD}.Debug|Any CPU.ActiveCfg = Debug|Any CPU
		{675C47A5-9FAC-42C8-B286-7EBB1A7B76AD}.Debug|Any CPU.Build.0 = Debug|Any CPU
		{675C47A5-9FAC-42C8-B286-7EBB1A7B76AD}.Release|Any CPU.ActiveCfg = Release|Any CPU
		{675C47A5-9FAC-42C8-B286-7EBB1A7B76AD}.Release|Any CPU.Build.0 = Release|Any CPU
		{EF05D191-C733-4117-8649-6AE1105E7FF9}.Debug|Any CPU.ActiveCfg = Debug|Any CPU
		{EF05D191-C733-4117-8649-6AE1105E7FF9}.Debug|Any CPU.Build.0 = Debug|Any CPU
		{EF05D191-C733-4117-8649-6AE1105E7FF9}.Release|Any CPU.ActiveCfg = Release|Any CPU
		{EF05D191-C733-4117-8649-6AE1105E7FF9}.Release|Any CPU.Build.0 = Release|Any CPU
	EndGlobalSection
	GlobalSection(SolutionProperties) = preSolution
		HideSolutionNode = FALSE
	EndGlobalSection
EndGlobal
